
Microsoft Visual Studio Solution File, Format Version 12.00
# Visual Studio Version 17
VisualStudioVersion = 17.13.35825.156
MinimumVisualStudioVersion = 10.0.40219.1
Project("{FAE04EC0-301F-11D3-BF4B-00C04F79EFBC}") = "iTaaS.Api", "iTaaS.Api\iTaaS.Api.csproj", "{E864917B-DD4C-4184-AC5A-A0097800BBA0}"
EndProject
Project("{FAE04EC0-301F-11D3-BF4B-00C04F79EFBC}") = "iTaaS.Testes", "iTaaS.Testes\iTaaS.Testes.csproj", "{FFAE890A-347A-4AA4-BFE6-7588EA63A297}"
EndProject
Project("{2150E333-8FDC-42A3-9474-1A3956D46DE8}") = "Itens de Solução", "Itens de Solução", "{380A7511-A354-6D7A-0CC0-8FA1F1BA7B6C}"
	ProjectSection(SolutionItems) = preProject
		README.md = README.md
	EndProjectSection
EndProject
Global
	GlobalSection(SolutionConfigurationPlatforms) = preSolution
		Debug|Any CPU = Debug|Any CPU
		Release|Any CPU = Release|Any CPU
	EndGlobalSection
	GlobalSection(ProjectConfigurationPlatforms) = postSolution
		{E864917B-DD4C-4184-AC5A-A0097800BBA0}.Debug|Any CPU.ActiveCfg = Debug|Any CPU
		{E864917B-DD4C-4184-AC5A-A0097800BBA0}.Debug|Any CPU.Build.0 = Debug|Any CPU
		{E864917B-DD4C-4184-AC5A-A0097800BBA0}.Release|Any CPU.ActiveCfg = Release|Any CPU
		{E864917B-DD4C-4184-AC5A-A0097800BBA0}.Release|Any CPU.Build.0 = Release|Any CPU
		{FFAE890A-347A-4AA4-BFE6-7588EA63A297}.Debug|Any CPU.ActiveCfg = Debug|Any CPU
		{FFAE890A-347A-4AA4-BFE6-7588EA63A297}.Debug|Any CPU.Build.0 = Debug|Any CPU
		{FFAE890A-347A-4AA4-BFE6-7588EA63A297}.Release|Any CPU.ActiveCfg = Release|Any CPU
		{FFAE890A-347A-4AA4-BFE6-7588EA63A297}.Release|Any CPU.Build.0 = Release|Any CPU
	EndGlobalSection
	GlobalSection(SolutionProperties) = preSolution
		HideSolutionNode = FALSE
	EndGlobalSection
	GlobalSection(ExtensibilityGlobals) = postSolution
		SolutionGuid = {347F5ED5-74CA-4017-8D44-4204DA246CB0}
	EndGlobalSection
EndGlobal
